
Microsoft Visual Studio Solution File, Format Version 12.00
# Visual Studio Version 17
VisualStudioVersion = 17.6.33712.159
MinimumVisualStudioVersion = 10.0.40219.1
Project("{9A19103F-16F7-4668-BE54-9A1E7A4F7556}") = "SingletonDP", "SingletonDP\SingletonDP.csproj", "{B96AE2AF-E3FD-427F-859F-DA4F9C7ED956}"
EndProject
Project("{9A19103F-16F7-4668-BE54-9A1E7A4F7556}") = "PrototypeDP", "PrototypeDP\PrototypeDP.csproj", "{41BB78D3-7137-413F-9680-C63D04F68EB5}"
EndProject
Project("{9A19103F-16F7-4668-BE54-9A1E7A4F7556}") = "SimpleFactoryDP", "SimpleFactoryDP\SimpleFactoryDP.csproj", "{44A67D4B-5B2E-4BDE-8FF0-7820561A1613}"
EndProject
Project("{9A19103F-16F7-4668-BE54-9A1E7A4F7556}") = "BuilderDP", "BuilderDP\BuilderDP.csproj", "{8430EBF2-8301-45D8-8A99-1760D11ECF20}"
EndProject
Project("{9A19103F-16F7-4668-BE54-9A1E7A4F7556}") = "FactoryMethodDP", "FactoryMethodDP\FactoryMethodDP.csproj", "{F181DF8D-AAAF-4E73-880E-800A441F5A13}"
EndProject
Project("{9A19103F-16F7-4668-BE54-9A1E7A4F7556}") = "AbstractFactoryDP", "AbstractFactoryDP\AbstractFactoryDP.csproj", "{469B8208-3559-4888-BE93-0A81DAD68603}"
EndProject
Project("{2150E333-8FDC-42A3-9474-1A3956D46DE8}") = "Creational DP", "Creational DP", "{F24A317C-0DD6-4BC9-A19C-AFAD94197453}"
EndProject
Project("{2150E333-8FDC-42A3-9474-1A3956D46DE8}") = "Structural DP", "Structural DP", "{632926C7-635B-4553-86B0-5BA973C3E589}"
EndProject
Project("{9A19103F-16F7-4668-BE54-9A1E7A4F7556}") = "ProxyDP", "ProxyDP\ProxyDP.csproj", "{4D443B53-A564-4234-A046-AB796579B5C5}"
EndProject
Project("{9A19103F-16F7-4668-BE54-9A1E7A4F7556}") = "DecoratorDP", "DecoratorDP\DecoratorDP.csproj", "{2234AF64-4B41-40B5-8FA3-536EBE4F474D}"
EndProject
Project("{9A19103F-16F7-4668-BE54-9A1E7A4F7556}") = "AdapterDP", "AdapterDP\AdapterDP.csproj", "{EE4E0556-1BFB-4533-89B6-1D142CC1B21B}"
EndProject
Project("{9A19103F-16F7-4668-BE54-9A1E7A4F7556}") = "FacadeDP", "FacadeDP\FacadeDP.csproj", "{5A76591B-7FC6-4A91-A994-D006423D31AF}"
EndProject
Project("{9A19103F-16F7-4668-BE54-9A1E7A4F7556}") = "FlyWeightDP", "FlyWeightDP\FlyWeightDP.csproj", "{274F21E9-5D1A-4CF1-8F48-BB618EA0C51F}"
EndProject
Project("{9A19103F-16F7-4668-BE54-9A1E7A4F7556}") = "CompositeDP", "CompositeDP\CompositeDP.csproj", "{73FEA58E-D267-4E99-9781-50FC4F73FD2C}"
EndProject
Project("{9A19103F-16F7-4668-BE54-9A1E7A4F7556}") = "BridgeDP", "BridgeDP\BridgeDP.csproj", "{855EE931-4448-465A-B767-B647F37651B6}"
EndProject
Project("{2150E333-8FDC-42A3-9474-1A3956D46DE8}") = "Behavioral DP", "Behavioral DP", "{39FBBC93-17D5-4ED9-BCDE-06A1334153D1}"
EndProject
Project("{9A19103F-16F7-4668-BE54-9A1E7A4F7556}") = "VisitorDP", "VisitorDP\VisitorDP.csproj", "{E22B218D-FBC1-4986-BEDA-4FA72278DFE5}"
EndProject
Project("{9A19103F-16F7-4668-BE54-9A1E7A4F7556}") = "ObserverDP", "ObserverDP\ObserverDP.csproj", "{24776496-C8C2-41E6-A965-5CE4C96F23D0}"
EndProject
Project("{9A19103F-16F7-4668-BE54-9A1E7A4F7556}") = "StrategyDP", "StrategyDP\StrategyDP.csproj", "{2A46DC91-2754-4869-AE02-5B4F938F5869}"
EndProject
Project("{9A19103F-16F7-4668-BE54-9A1E7A4F7556}") = "Template MethodDP", "Template MethodDP\Template MethodDP.csproj", "{B1631FEB-0B58-4E9D-8C72-01E3B429CED1}"
EndProject
Project("{9A19103F-16F7-4668-BE54-9A1E7A4F7556}") = "CommandDP", "CommandDP\CommandDP.csproj", "{0385B1AF-181B-4C38-BB3D-EF701FDF4138}"
EndProject
Project("{9A19103F-16F7-4668-BE54-9A1E7A4F7556}") = "IteratorDP", "IteratorDP\IteratorDP.csproj", "{F43F0D74-A623-4E66-9F11-E82008A6EBE7}"
EndProject
Project("{9A19103F-16F7-4668-BE54-9A1E7A4F7556}") = "MementoDP", "MementoDP\MementoDP.csproj", "{2CBF9F4B-34E1-4375-A85A-E709184CB334}"
EndProject
Project("{9A19103F-16F7-4668-BE54-9A1E7A4F7556}") = "StateDP", "StateDP\StateDP.csproj", "{95376833-C682-4E43-989B-9D860367CAA5}"
EndProject
Project("{9A19103F-16F7-4668-BE54-9A1E7A4F7556}") = "MediatorDP", "MediatorDP\MediatorDP.csproj", "{A76E0918-0D74-4623-A182-615BBB89FB49}"
EndProject
Project("{9A19103F-16F7-4668-BE54-9A1E7A4F7556}") = "Chain of Responsibility", "Chain of Responsibility\Chain of Responsibility.csproj", "{4D3D17E6-A93F-4DC9-8076-48610E555D9C}"
EndProject
Project("{9A19103F-16F7-4668-BE54-9A1E7A4F7556}") = "InterpreterDP", "InterpreterDP\InterpreterDP.csproj", "{EE371CA4-B3D1-4E43-8435-9A7F4B02711C}"
EndProject
Project("{FAE04EC0-301F-11D3-BF4B-00C04F79EFBC}") = "NullObjectDP", "NullObjectDP\NullObjectDP.csproj", "{2BDEF4CC-F607-4A51-89EB-280A85AB6632}"
EndProject
Global
	GlobalSection(SolutionConfigurationPlatforms) = preSolution
		Debug|Any CPU = Debug|Any CPU
		Release|Any CPU = Release|Any CPU
	EndGlobalSection
	GlobalSection(ProjectConfigurationPlatforms) = postSolution
		{B96AE2AF-E3FD-427F-859F-DA4F9C7ED956}.Debug|Any CPU.ActiveCfg = Debug|Any CPU
		{B96AE2AF-E3FD-427F-859F-DA4F9C7ED956}.Debug|Any CPU.Build.0 = Debug|Any CPU
		{B96AE2AF-E3FD-427F-859F-DA4F9C7ED956}.Release|Any CPU.ActiveCfg = Release|Any CPU
		{B96AE2AF-E3FD-427F-859F-DA4F9C7ED956}.Release|Any CPU.Build.0 = Release|Any CPU
		{41BB78D3-7137-413F-9680-C63D04F68EB5}.Debug|Any CPU.ActiveCfg = Debug|Any CPU
		{41BB78D3-7137-413F-9680-C63D04F68EB5}.Debug|Any CPU.Build.0 = Debug|Any CPU
		{41BB78D3-7137-413F-9680-C63D04F68EB5}.Release|Any CPU.ActiveCfg = Release|Any CPU
		{41BB78D3-7137-413F-9680-C63D04F68EB5}.Release|Any CPU.Build.0 = Release|Any CPU
		{44A67D4B-5B2E-4BDE-8FF0-7820561A1613}.Debug|Any CPU.ActiveCfg = Debug|Any CPU
		{44A67D4B-5B2E-4BDE-8FF0-7820561A1613}.Debug|Any CPU.Build.0 = Debug|Any CPU
		{44A67D4B-5B2E-4BDE-8FF0-7820561A1613}.Release|Any CPU.ActiveCfg = Release|Any CPU
		{44A67D4B-5B2E-4BDE-8FF0-7820561A1613}.Release|Any CPU.Build.0 = Release|Any CPU
		{8430EBF2-8301-45D8-8A99-1760D11ECF20}.Debug|Any CPU.ActiveCfg = Debug|Any CPU
		{8430EBF2-8301-45D8-8A99-1760D11ECF20}.Debug|Any CPU.Build.0 = Debug|Any CPU
		{8430EBF2-8301-45D8-8A99-1760D11ECF20}.Release|Any CPU.ActiveCfg = Release|Any CPU
		{8430EBF2-8301-45D8-8A99-1760D11ECF20}.Release|Any CPU.Build.0 = Release|Any CPU
		{F181DF8D-AAAF-4E73-880E-800A441F5A13}.Debug|Any CPU.ActiveCfg = Debug|Any CPU
		{F181DF8D-AAAF-4E73-880E-800A441F5A13}.Debug|Any CPU.Build.0 = Debug|Any CPU
		{F181DF8D-AAAF-4E73-880E-800A441F5A13}.Release|Any CPU.ActiveCfg = Release|Any CPU
		{F181DF8D-AAAF-4E73-880E-800A441F5A13}.Release|Any CPU.Build.0 = Release|Any CPU
		{469B8208-3559-4888-BE93-0A81DAD68603}.Debug|Any CPU.ActiveCfg = Debug|Any CPU
		{469B8208-3559-4888-BE93-0A81DAD68603}.Debug|Any CPU.Build.0 = Debug|Any CPU
		{469B8208-3559-4888-BE93-0A81DAD68603}.Release|Any CPU.ActiveCfg = Release|Any CPU
		{469B8208-3559-4888-BE93-0A81DAD68603}.Release|Any CPU.Build.0 = Release|Any CPU
		{4D443B53-A564-4234-A046-AB796579B5C5}.Debug|Any CPU.ActiveCfg = Debug|Any CPU
		{4D443B53-A564-4234-A046-AB796579B5C5}.Debug|Any CPU.Build.0 = Debug|Any CPU
		{4D443B53-A564-4234-A046-AB796579B5C5}.Release|Any CPU.ActiveCfg = Release|Any CPU
		{4D443B53-A564-4234-A046-AB796579B5C5}.Release|Any CPU.Build.0 = Release|Any CPU
		{2234AF64-4B41-40B5-8FA3-536EBE4F474D}.Debug|Any CPU.ActiveCfg = Debug|Any CPU
		{2234AF64-4B41-40B5-8FA3-536EBE4F474D}.Debug|Any CPU.Build.0 = Debug|Any CPU
		{2234AF64-4B41-40B5-8FA3-536EBE4F474D}.Release|Any CPU.ActiveCfg = Release|Any CPU
		{2234AF64-4B41-40B5-8FA3-536EBE4F474D}.Release|Any CPU.Build.0 = Release|Any CPU
		{EE4E0556-1BFB-4533-89B6-1D142CC1B21B}.Debug|Any CPU.ActiveCfg = Debug|Any CPU
		{EE4E0556-1BFB-4533-89B6-1D142CC1B21B}.Debug|Any CPU.Build.0 = Debug|Any CPU
		{EE4E0556-1BFB-4533-89B6-1D142CC1B21B}.Release|Any CPU.ActiveCfg = Release|Any CPU
		{EE4E0556-1BFB-4533-89B6-1D142CC1B21B}.Release|Any CPU.Build.0 = Release|Any CPU
		{5A76591B-7FC6-4A91-A994-D006423D31AF}.Debug|Any CPU.ActiveCfg = Debug|Any CPU
		{5A76591B-7FC6-4A91-A994-D006423D31AF}.Debug|Any CPU.Build.0 = Debug|Any CPU
		{5A76591B-7FC6-4A91-A994-D006423D31AF}.Release|Any CPU.ActiveCfg = Release|Any CPU
		{5A76591B-7FC6-4A91-A994-D006423D31AF}.Release|Any CPU.Build.0 = Release|Any CPU
		{274F21E9-5D1A-4CF1-8F48-BB618EA0C51F}.Debug|Any CPU.ActiveCfg = Debug|Any CPU
		{274F21E9-5D1A-4CF1-8F48-BB618EA0C51F}.Debug|Any CPU.Build.0 = Debug|Any CPU
		{274F21E9-5D1A-4CF1-8F48-BB618EA0C51F}.Release|Any CPU.ActiveCfg = Release|Any CPU
		{274F21E9-5D1A-4CF1-8F48-BB618EA0C51F}.Release|Any CPU.Build.0 = Release|Any CPU
		{73FEA58E-D267-4E99-9781-50FC4F73FD2C}.Debug|Any CPU.ActiveCfg = Debug|Any CPU
		{73FEA58E-D267-4E99-9781-50FC4F73FD2C}.Debug|Any CPU.Build.0 = Debug|Any CPU
		{73FEA58E-D267-4E99-9781-50FC4F73FD2C}.Release|Any CPU.ActiveCfg = Release|Any CPU
		{73FEA58E-D267-4E99-9781-50FC4F73FD2C}.Release|Any CPU.Build.0 = Release|Any CPU
		{855EE931-4448-465A-B767-B647F37651B6}.Debug|Any CPU.ActiveCfg = Debug|Any CPU
		{855EE931-4448-465A-B767-B647F37651B6}.Debug|Any CPU.Build.0 = Debug|Any CPU
		{855EE931-4448-465A-B767-B647F37651B6}.Release|Any CPU.ActiveCfg = Release|Any CPU
		{855EE931-4448-465A-B767-B647F37651B6}.Release|Any CPU.Build.0 = Release|Any CPU
		{E22B218D-FBC1-4986-BEDA-4FA72278DFE5}.Debug|Any CPU.ActiveCfg = Debug|Any CPU
		{E22B218D-FBC1-4986-BEDA-4FA72278DFE5}.Debug|Any CPU.Build.0 = Debug|Any CPU
		{E22B218D-FBC1-4986-BEDA-4FA72278DFE5}.Release|Any CPU.ActiveCfg = Release|Any CPU
		{E22B218D-FBC1-4986-BEDA-4FA72278DFE5}.Release|Any CPU.Build.0 = Release|Any CPU
		{24776496-C8C2-41E6-A965-5CE4C96F23D0}.Debug|Any CPU.ActiveCfg = Debug|Any CPU
		{24776496-C8C2-41E6-A965-5CE4C96F23D0}.Debug|Any CPU.Build.0 = Debug|Any CPU
		{24776496-C8C2-41E6-A965-5CE4C96F23D0}.Release|Any CPU.ActiveCfg = Release|Any CPU
		{24776496-C8C2-41E6-A965-5CE4C96F23D0}.Release|Any CPU.Build.0 = Release|Any CPU
		{2A46DC91-2754-4869-AE02-5B4F938F5869}.Debug|Any CPU.ActiveCfg = Debug|Any CPU
		{2A46DC91-2754-4869-AE02-5B4F938F5869}.Debug|Any CPU.Build.0 = Debug|Any CPU
		{2A46DC91-2754-4869-AE02-5B4F938F5869}.Release|Any CPU.ActiveCfg = Release|Any CPU
		{2A46DC91-2754-4869-AE02-5B4F938F5869}.Release|Any CPU.Build.0 = Release|Any CPU
		{B1631FEB-0B58-4E9D-8C72-01E3B429CED1}.Debug|Any CPU.ActiveCfg = Debug|Any CPU
		{B1631FEB-0B58-4E9D-8C72-01E3B429CED1}.Debug|Any CPU.Build.0 = Debug|Any CPU
		{B1631FEB-0B58-4E9D-8C72-01E3B429CED1}.Release|Any CPU.ActiveCfg = Release|Any CPU
		{B1631FEB-0B58-4E9D-8C72-01E3B429CED1}.Release|Any CPU.Build.0 = Release|Any CPU
		{0385B1AF-181B-4C38-BB3D-EF701FDF4138}.Debug|Any CPU.ActiveCfg = Debug|Any CPU
		{0385B1AF-181B-4C38-BB3D-EF701FDF4138}.Debug|Any CPU.Build.0 = Debug|Any CPU
		{0385B1AF-181B-4C38-BB3D-EF701FDF4138}.Release|Any CPU.ActiveCfg = Release|Any CPU
		{0385B1AF-181B-4C38-BB3D-EF701FDF4138}.Release|Any CPU.Build.0 = Release|Any CPU
		{F43F0D74-A623-4E66-9F11-E82008A6EBE7}.Debug|Any CPU.ActiveCfg = Debug|Any CPU
		{F43F0D74-A623-4E66-9F11-E82008A6EBE7}.Debug|Any CPU.Build.0 = Debug|Any CPU
		{F43F0D74-A623-4E66-9F11-E82008A6EBE7}.Release|Any CPU.ActiveCfg = Release|Any CPU
		{F43F0D74-A623-4E66-9F11-E82008A6EBE7}.Release|Any CPU.Build.0 = Release|Any CPU
		{2CBF9F4B-34E1-4375-A85A-E709184CB334}.Debug|Any CPU.ActiveCfg = Debug|Any CPU
		{2CBF9F4B-34E1-4375-A85A-E709184CB334}.Debug|Any CPU.Build.0 = Debug|Any CPU
		{2CBF9F4B-34E1-4375-A85A-E709184CB334}.Release|Any CPU.ActiveCfg = Release|Any CPU
		{2CBF9F4B-34E1-4375-A85A-E709184CB334}.Release|Any CPU.Build.0 = Release|Any CPU
		{95376833-C682-4E43-989B-9D860367CAA5}.Debug|Any CPU.ActiveCfg = Debug|Any CPU
		{95376833-C682-4E43-989B-9D860367CAA5}.Debug|Any CPU.Build.0 = Debug|Any CPU
		{95376833-C682-4E43-989B-9D860367CAA5}.Release|Any CPU.ActiveCfg = Release|Any CPU
		{95376833-C682-4E43-989B-9D860367CAA5}.Release|Any CPU.Build.0 = Release|Any CPU
		{A76E0918-0D74-4623-A182-615BBB89FB49}.Debug|Any CPU.ActiveCfg = Debug|Any CPU
		{A76E0918-0D74-4623-A182-615BBB89FB49}.Debug|Any CPU.Build.0 = Debug|Any CPU
		{A76E0918-0D74-4623-A182-615BBB89FB49}.Release|Any CPU.ActiveCfg = Release|Any CPU
		{A76E0918-0D74-4623-A182-615BBB89FB49}.Release|Any CPU.Build.0 = Release|Any CPU
		{4D3D17E6-A93F-4DC9-8076-48610E555D9C}.Debug|Any CPU.ActiveCfg = Debug|Any CPU
		{4D3D17E6-A93F-4DC9-8076-48610E555D9C}.Debug|Any CPU.Build.0 = Debug|Any CPU
		{4D3D17E6-A93F-4DC9-8076-48610E555D9C}.Release|Any CPU.ActiveCfg = Release|Any CPU
		{4D3D17E6-A93F-4DC9-8076-48610E555D9C}.Release|Any CPU.Build.0 = Release|Any CPU
		{EE371CA4-B3D1-4E43-8435-9A7F4B02711C}.Debug|Any CPU.ActiveCfg = Debug|Any CPU
		{EE371CA4-B3D1-4E43-8435-9A7F4B02711C}.Debug|Any CPU.Build.0 = Debug|Any CPU
		{EE371CA4-B3D1-4E43-8435-9A7F4B02711C}.Release|Any CPU.ActiveCfg = Release|Any CPU
		{EE371CA4-B3D1-4E43-8435-9A7F4B02711C}.Release|Any CPU.Build.0 = Release|Any CPU
		{2BDEF4CC-F607-4A51-89EB-280A85AB6632}.Debug|Any CPU.ActiveCfg = Debug|Any CPU
		{2BDEF4CC-F607-4A51-89EB-280A85AB6632}.Debug|Any CPU.Build.0 = Debug|Any CPU
		{2BDEF4CC-F607-4A51-89EB-280A85AB6632}.Release|Any CPU.ActiveCfg = Release|Any CPU
		{2BDEF4CC-F607-4A51-89EB-280A85AB6632}.Release|Any CPU.Build.0 = Release|Any CPU
	EndGlobalSection
	GlobalSection(SolutionProperties) = preSolution
		HideSolutionNode = FALSE
	EndGlobalSection
	GlobalSection(NestedProjects) = preSolution
		{B96AE2AF-E3FD-427F-859F-DA4F9C7ED956} = {F24A317C-0DD6-4BC9-A19C-AFAD94197453}
		{41BB78D3-7137-413F-9680-C63D04F68EB5} = {F24A317C-0DD6-4BC9-A19C-AFAD94197453}
		{44A67D4B-5B2E-4BDE-8FF0-7820561A1613} = {F24A317C-0DD6-4BC9-A19C-AFAD94197453}
		{8430EBF2-8301-45D8-8A99-1760D11ECF20} = {F24A317C-0DD6-4BC9-A19C-AFAD94197453}
		{F181DF8D-AAAF-4E73-880E-800A441F5A13} = {F24A317C-0DD6-4BC9-A19C-AFAD94197453}
		{469B8208-3559-4888-BE93-0A81DAD68603} = {F24A317C-0DD6-4BC9-A19C-AFAD94197453}
		{4D443B53-A564-4234-A046-AB796579B5C5} = {632926C7-635B-4553-86B0-5BA973C3E589}
		{2234AF64-4B41-40B5-8FA3-536EBE4F474D} = {632926C7-635B-4553-86B0-5BA973C3E589}
		{EE4E0556-1BFB-4533-89B6-1D142CC1B21B} = {632926C7-635B-4553-86B0-5BA973C3E589}
		{5A76591B-7FC6-4A91-A994-D006423D31AF} = {632926C7-635B-4553-86B0-5BA973C3E589}
		{274F21E9-5D1A-4CF1-8F48-BB618EA0C51F} = {632926C7-635B-4553-86B0-5BA973C3E589}
		{73FEA58E-D267-4E99-9781-50FC4F73FD2C} = {632926C7-635B-4553-86B0-5BA973C3E589}
		{855EE931-4448-465A-B767-B647F37651B6} = {632926C7-635B-4553-86B0-5BA973C3E589}
		{E22B218D-FBC1-4986-BEDA-4FA72278DFE5} = {39FBBC93-17D5-4ED9-BCDE-06A1334153D1}
		{24776496-C8C2-41E6-A965-5CE4C96F23D0} = {39FBBC93-17D5-4ED9-BCDE-06A1334153D1}
		{2A46DC91-2754-4869-AE02-5B4F938F5869} = {39FBBC93-17D5-4ED9-BCDE-06A1334153D1}
		{B1631FEB-0B58-4E9D-8C72-01E3B429CED1} = {39FBBC93-17D5-4ED9-BCDE-06A1334153D1}
		{0385B1AF-181B-4C38-BB3D-EF701FDF4138} = {39FBBC93-17D5-4ED9-BCDE-06A1334153D1}
		{F43F0D74-A623-4E66-9F11-E82008A6EBE7} = {39FBBC93-17D5-4ED9-BCDE-06A1334153D1}
		{2CBF9F4B-34E1-4375-A85A-E709184CB334} = {39FBBC93-17D5-4ED9-BCDE-06A1334153D1}
		{95376833-C682-4E43-989B-9D860367CAA5} = {39FBBC93-17D5-4ED9-BCDE-06A1334153D1}
		{A76E0918-0D74-4623-A182-615BBB89FB49} = {39FBBC93-17D5-4ED9-BCDE-06A1334153D1}
		{4D3D17E6-A93F-4DC9-8076-48610E555D9C} = {39FBBC93-17D5-4ED9-BCDE-06A1334153D1}
		{EE371CA4-B3D1-4E43-8435-9A7F4B02711C} = {39FBBC93-17D5-4ED9-BCDE-06A1334153D1}
		{2BDEF4CC-F607-4A51-89EB-280A85AB6632} = {39FBBC93-17D5-4ED9-BCDE-06A1334153D1}
	EndGlobalSection
	GlobalSection(ExtensibilityGlobals) = postSolution
		SolutionGuid = {C9939604-644C-4C74-950E-92114BAE707C}
	EndGlobalSection
EndGlobal
